
Microsoft Visual Studio Solution File, Format Version 12.00
# Visual Studio Version 17
VisualStudioVersion = 17.14.36811.4 d17.14
MinimumVisualStudioVersion = 10.0.40219.1
Project("{FAE04EC0-301F-11D3-BF4B-00C04F79EFBC}") = "JobTracker.Domain", "JobTracker.Domain\JobTracker.Domain.csproj", "{FD0E43ED-F81E-4808-8323-49EBA35C2969}"
EndProject
Global
	GlobalSection(SolutionConfigurationPlatforms) = preSolution
		Debug|Any CPU = Debug|Any CPU
		Release|Any CPU = Release|Any CPU
	EndGlobalSection
	GlobalSection(ProjectConfigurationPlatforms) = postSolution
		{FD0E43ED-F81E-4808-8323-49EBA35C2969}.Debug|Any CPU.ActiveCfg = Debug|Any CPU
		{FD0E43ED-F81E-4808-8323-49EBA35C2969}.Debug|Any CPU.Build.0 = Debug|Any CPU
		{FD0E43ED-F81E-4808-8323-49EBA35C2969}.Release|Any CPU.ActiveCfg = Release|Any CPU
		{FD0E43ED-F81E-4808-8323-49EBA35C2969}.Release|Any CPU.Build.0 = Release|Any CPU
	EndGlobalSection
	GlobalSection(SolutionProperties) = preSolution
		HideSolutionNode = FALSE
	EndGlobalSection
	GlobalSection(ExtensibilityGlobals) = postSolution
		SolutionGuid = {ADE0C8EB-49C1-480A-97C5-CE8E16418E8A}
	EndGlobalSection
EndGlobal
